
Microsoft Visual Studio Solution File, Format Version 12.00
# Visual Studio Version 17
VisualStudioVersion = 17.11.35327.3
MinimumVisualStudioVersion = 10.0.40219.1
Project("{FAE04EC0-301F-11D3-BF4B-00C04F79EFBC}") = "ExcelImport", "ExcelImport.csproj", "{C78B0A03-CF71-428C-A148-62ED2197EB34}"
EndProject
Global
	GlobalSection(SolutionConfigurationPlatforms) = preSolution
		Debug|Any CPU = Debug|Any CPU
		Release|Any CPU = Release|Any CPU
	EndGlobalSection
	GlobalSection(ProjectConfigurationPlatforms) = postSolution
		{C78B0A03-CF71-428C-A148-62ED2197EB34}.Debug|Any CPU.ActiveCfg = Debug|Any CPU
		{C78B0A03-CF71-428C-A148-62ED2197EB34}.Debug|Any CPU.Build.0 = Debug|Any CPU
		{C78B0A03-CF71-428C-A148-62ED2197EB34}.Release|Any CPU.ActiveCfg = Release|Any CPU
		{C78B0A03-CF71-428C-A148-62ED2197EB34}.Release|Any CPU.Build.0 = Release|Any CPU
	EndGlobalSection
	GlobalSection(SolutionProperties) = preSolution
		HideSolutionNode = FALSE
	EndGlobalSection
	GlobalSection(ExtensibilityGlobals) = postSolution
		SolutionGuid = {68B1F106-E05E-4501-91EC-4115F76C156C}
	EndGlobalSection
EndGlobal
